
Microsoft Visual Studio Solution File, Format Version 12.00
# Visual Studio 15
VisualStudioVersion = 15.0.28010.2041
MinimumVisualStudioVersion = 10.0.40219.1
Project("{FAE04EC0-301F-11D3-BF4B-00C04F79EFBC}") = "IntroEFCore", "IntroEFCore\IntroEFCore.csproj", "{FD066263-2528-4A51-AD3B-5405A0470218}"
EndProject
Project("{FAE04EC0-301F-11D3-BF4B-00C04F79EFBC}") = "UsingEFCore", "UsingEFCore\UsingEFCore.csproj", "{8DFCA3AD-83D3-4451-8F62-71A3B0B9A706}"
EndProject
Global
	GlobalSection(SolutionConfigurationPlatforms) = preSolution
		Debug|Any CPU = Debug|Any CPU
		Release|Any CPU = Release|Any CPU
	EndGlobalSection
	GlobalSection(ProjectConfigurationPlatforms) = postSolution
		{FD066263-2528-4A51-AD3B-5405A0470218}.Debug|Any CPU.ActiveCfg = Debug|Any CPU
		{FD066263-2528-4A51-AD3B-5405A0470218}.Debug|Any CPU.Build.0 = Debug|Any CPU
		{FD066263-2528-4A51-AD3B-5405A0470218}.Release|Any CPU.ActiveCfg = Release|Any CPU
		{FD066263-2528-4A51-AD3B-5405A0470218}.Release|Any CPU.Build.0 = Release|Any CPU
		{8DFCA3AD-83D3-4451-8F62-71A3B0B9A706}.Debug|Any CPU.ActiveCfg = Debug|Any CPU
		{8DFCA3AD-83D3-4451-8F62-71A3B0B9A706}.Debug|Any CPU.Build.0 = Debug|Any CPU
		{8DFCA3AD-83D3-4451-8F62-71A3B0B9A706}.Release|Any CPU.ActiveCfg = Release|Any CPU
		{8DFCA3AD-83D3-4451-8F62-71A3B0B9A706}.Release|Any CPU.Build.0 = Release|Any CPU
	EndGlobalSection
	GlobalSection(SolutionProperties) = preSolution
		HideSolutionNode = FALSE
	EndGlobalSection
	GlobalSection(ExtensibilityGlobals) = postSolution
		SolutionGuid = {0C114C90-82E2-4735-B1C4-D43843E4AF6F}
	EndGlobalSection
EndGlobal
